// !$*UTF8*$!
{
	archiveVersion = 1;
	classes = {
	};
	objectVersion = 50;
	objects = {

/* Begin PBXBuildFile section */
		56226965244EB4B300A9587A /* AppDelegate.swift in Sources */ = {isa = PBXBuildFile; fileRef = 56226964244EB4B300A9587A /* AppDelegate.swift */; };
		56226967244EB4B300A9587A /* SceneDelegate.swift in Sources */ = {isa = PBXBuildFile; fileRef = 56226966244EB4B300A9587A /* SceneDelegate.swift */; };
		56226969244EB4B300A9587A /* ViewController.swift in Sources */ = {isa = PBXBuildFile; fileRef = 56226968244EB4B300A9587A /* ViewController.swift */; };
		5622696C244EB4B400A9587A /* Main.storyboard in Resources */ = {isa = PBXBuildFile; fileRef = 5622696A244EB4B400A9587A /* Main.storyboard */; };
		5622696F244EB4B400A9587A /* into_space_.xcdatamodeld in Sources */ = {isa = PBXBuildFile; fileRef = 5622696D244EB4B400A9587A /* into_space_.xcdatamodeld */; };
		56226971244EB4EF00A9587A /* Assets.xcassets in Resources */ = {isa = PBXBuildFile; fileRef = 56226970244EB4EF00A9587A /* Assets.xcassets */; };
		56226974244EB4F000A9587A /* LaunchScreen.storyboard in Resources */ = {isa = PBXBuildFile; fileRef = 56226972244EB4F000A9587A /* LaunchScreen.storyboard */; };
		5622697F244EBFD500A9587A /* HeartViewController.swift in Sources */ = {isa = PBXBuildFile; fileRef = 5622697E244EBFD500A9587A /* HeartViewController.swift */; };
		56226981244EBFE200A9587A /* SpaceViewController.swift in Sources */ = {isa = PBXBuildFile; fileRef = 56226980244EBFE200A9587A /* SpaceViewController.swift */; };
/* End PBXBuildFile section */

/* Begin PBXFileReference section */
		56226961244EB4B300A9587A /* into space..app */ = {isa = PBXFileReference; explicitFileType = wrapper.application; includeInIndex = 0; path = "into space..app"; sourceTree = BUILT_PRODUCTS_DIR; };
		56226964244EB4B300A9587A /* AppDelegate.swift */ = {isa = PBXFileReference; lastKnownFileType = sourcecode.swift; path = AppDelegate.swift; sourceTree = "<group>"; };
		56226966244EB4B300A9587A /* SceneDelegate.swift */ = {isa = PBXFileReference; lastKnownFileType = sourcecode.swift; path = SceneDelegate.swift; sourceTree = "<group>"; };
		56226968244EB4B300A9587A /* ViewController.swift */ = {isa = PBXFileReference; lastKnownFileType = sourcecode.swift; path = ViewController.swift; sourceTree = "<group>"; };
		5622696B244EB4B400A9587A /* Base */ = {isa = PBXFileReference; lastKnownFileType = file.storyboard; name = Base; path = Base.lproj/Main.storyboard; sourceTree = "<group>"; };
		5622696E244EB4B400A9587A /* into_space_.xcdatamodel */ = {isa = PBXFileReference; lastKnownFileType = wrapper.xcdatamodel; path = into_space_.xcdatamodel; sourceTree = "<group>"; };
		56226970244EB4EF00A9587A /* Assets.xcassets */ = {isa = PBXFileReference; lastKnownFileType = folder.assetcatalog; path = Assets.xcassets; sourceTree = "<group>"; };
		56226973244EB4F000A9587A /* Base */ = {isa = PBXFileReference; lastKnownFileType = file.storyboard; name = Base; path = Base.lproj/LaunchScreen.storyboard; sourceTree = "<group>"; };
		56226975244EB4F000A9587A /* Info.plist */ = {isa = PBXFileReference; lastKnownFileType = text.plist.xml; path = Info.plist; sourceTree = "<group>"; };
		5622697E244EBFD500A9587A /* HeartViewController.swift */ = {isa = PBXFileReference; lastKnownFileType = sourcecode.swift; path = HeartViewController.swift; sourceTree = "<group>"; };
		56226980244EBFE200A9587A /* SpaceViewController.swift */ = {isa = PBXFileReference; lastKnownFileType = sourcecode.swift; path = SpaceViewController.swift; sourceTree = "<group>"; };
/* End PBXFileReference section */

/* Begin PBXFrameworksBuildPhase section */
		5622695E244EB4B300A9587A /* Frameworks */ = {
			isa = PBXFrameworksBuildPhase;
			buildActionMask = 2147483647;
			files = (
			);
			runOnlyForDeploymentPostprocessing = 0;
		};
/* End PBXFrameworksBuildPhase section */

/* Begin PBXGroup section */
		56226958244EB4B200A9587A = {
			isa = PBXGroup;
			children = (
				56226963244EB4B300A9587A /* into space. */,
				56226962244EB4B300A9587A /* Products */,
			);
			sourceTree = "<group>";
		};
		56226962244EB4B300A9587A /* Products */ = {
			isa = PBXGroup;
			children = (
				56226961244EB4B300A9587A /* into space..app */,
			);
			name = Products;
			sourceTree = "<group>";
		};
		56226963244EB4B300A9587A /* into space. */ = {
			isa = PBXGroup;
			children = (
				5622696A244EB4B400A9587A /* Main.storyboard */,
				56226972244EB4F000A9587A /* LaunchScreen.storyboard */,
				56226970244EB4EF00A9587A /* Assets.xcassets */,
				56226964244EB4B300A9587A /* AppDelegate.swift */,
				56226966244EB4B300A9587A /* SceneDelegate.swift */,
				56226975244EB4F000A9587A /* Info.plist */,
				56FA597D244EC82900F2CF16 /* Model */,
				5622697B244EBF7A00A9587A /* Controllers */,
			);
			path = "into space.";
			sourceTree = "<group>";
		};
		5622697B244EBF7A00A9587A /* Controllers */ = {
			isa = PBXGroup;
			children = (
				56226968244EB4B300A9587A /* ViewController.swift */,
				5622697E244EBFD500A9587A /* HeartViewController.swift */,
				56226980244EBFE200A9587A /* SpaceViewController.swift */,
			);
			path = Controllers;
			sourceTree = "<group>";
		};
		56FA597D244EC82900F2CF16 /* Model */ = {
			isa = PBXGroup;
			children = (
				5622696D244EB4B400A9587A /* into_space_.xcdatamodeld */,
			);
			path = Model;
			sourceTree = "<group>";
		};
/* End PBXGroup section */

/* Begin PBXNativeTarget section */
		56226960244EB4B300A9587A /* into space. */ = {
			isa = PBXNativeTarget;
			buildConfigurationList = 56226978244EB4F000A9587A /* Build configuration list for PBXNativeTarget "into space." */;
			buildPhases = (
				5622695D244EB4B300A9587A /* Sources */,
				5622695E244EB4B300A9587A /* Frameworks */,
				5622695F244EB4B300A9587A /* Resources */,
			);
			buildRules = (
			);
			dependencies = (
			);
			name = "into space.";
			productName = "into space.";
			productReference = 56226961244EB4B300A9587A /* into space..app */;
			productType = "com.apple.product-type.application";
		};
/* End PBXNativeTarget section */

/* Begin PBXProject section */
		56226959244EB4B200A9587A /* Project object */ = {
			isa = PBXProject;
			attributes = {
				LastSwiftUpdateCheck = 1130;
				LastUpgradeCheck = 1130;
				ORGANIZATIONNAME = "Nicole Bernadette Ong";
				TargetAttributes = {
					56226960244EB4B300A9587A = {
						CreatedOnToolsVersion = 11.3.1;
					};
				};
			};
			buildConfigurationList = 5622695C244EB4B300A9587A /* Build configuration list for PBXProject "into space." */;
			compatibilityVersion = "Xcode 9.3";
			developmentRegion = en;
			hasScannedForEncodings = 0;
			knownRegions = (
				en,
				Base,
			);
			mainGroup = 56226958244EB4B200A9587A;
			productRefGroup = 56226962244EB4B300A9587A /* Products */;
			projectDirPath = "";
			projectRoot = "";
			targets = (
				56226960244EB4B300A9587A /* into space. */,
			);
		};
/* End PBXProject section */

/* Begin PBXResourcesBuildPhase section */
		5622695F244EB4B300A9587A /* Resources */ = {
			isa = PBXResourcesBuildPhase;
			buildActionMask = 2147483647;
			files = (
				56226974244EB4F000A9587A /* LaunchScreen.storyboard in Resources */,
				56226971244EB4EF00A9587A /* Assets.xcassets in Resources */,
				5622696C244EB4B400A9587A /* Main.storyboard in Resources */,
			);
			runOnlyForDeploymentPostprocessing = 0;
		};
/* End PBXResourcesBuildPhase section */

/* Begin PBXSourcesBuildPhase section */
		5622695D244EB4B300A9587A /* Sources */ = {
			isa = PBXSourcesBuildPhase;
			buildActionMask = 2147483647;
			files = (
				5622696F244EB4B400A9587A /* into_space_.xcdatamodeld in Sources */,
				56226969244EB4B300A9587A /* ViewController.swift in Sources */,
				56226965244EB4B300A9587A /* AppDelegate.swift in Sources */,
				56226981244EBFE200A9587A /* SpaceViewController.swift in Sources */,
				5622697F244EBFD500A9587A /* HeartViewController.swift in Sources */,
				56226967244EB4B300A9587A /* SceneDelegate.swift in Sources */,
			);
			runOnlyForDeploymentPostprocessing = 0;
		};
/* End PBXSourcesBuildPhase section */

/* Begin PBXVariantGroup section */
		5622696A244EB4B400A9587A /* Main.storyboard */ = {
			isa = PBXVariantGroup;
			children = (
				5622696B244EB4B400A9587A /* Base */,
			);
			name = Main.storyboard;
			sourceTree = "<group>";
		};
		56226972244EB4F000A9587A /* LaunchScreen.storyboard */ = {
			isa = PBXVariantGroup;
			children = (
				56226973244EB4F000A9587A /* Base */,
			);
			name = LaunchScreen.storyboard;
			sourceTree = "<group>";
		};
/* End PBXVariantGroup section */

/* Begin XCBuildConfiguration section */
		56226976244EB4F000A9587A /* Debug */ = {
			isa = XCBuildConfiguration;
			buildSettings = {
				ALWAYS_SEARCH_USER_PATHS = NO;
				CLANG_ANALYZER_NONNULL = YES;
				CLANG_ANALYZER_NUMBER_OBJECT_CONVERSION = YES_AGGRESSIVE;
				CLANG_CXX_LANGUAGE_STANDARD = "gnu++14";
				CLANG_CXX_LIBRARY = "libc++";
				CLANG_ENABLE_MODULES = YES;
				CLANG_ENABLE_OBJC_ARC = YES;
				CLANG_ENABLE_OBJC_WEAK = YES;
				CLANG_WARN_BLOCK_CAPTURE_AUTORELEASING = YES;
				CLANG_WARN_BOOL_CONVERSION = YES;
				CLANG_WARN_COMMA = YES;
				CLANG_WARN_CONSTANT_CONVERSION = YES;
				CLANG_WARN_DEPRECATED_OBJC_IMPLEMENTATIONS = YES;
				CLANG_WARN_DIRECT_OBJC_ISA_USAGE = YES_ERROR;
				CLANG_WARN_DOCUMENTATION_COMMENTS = YES;
				CLANG_WARN_EMPTY_BODY = YES;
				CLANG_WARN_ENUM_CONVERSION = YES;
				CLANG_WARN_INFINITE_RECURSION = YES;
				CLANG_WARN_INT_CONVERSION = YES;
				CLANG_WARN_NON_LITERAL_NULL_CONVERSION = YES;
				CLANG_WARN_OBJC_IMPLICIT_RETAIN_SELF = YES;
				CLANG_WARN_OBJC_LITERAL_CONVERSION = YES;
				CLANG_WARN_OBJC_ROOT_CLASS = YES_ERROR;
				CLANG_WARN_RANGE_LOOP_ANALYSIS = YES;
				CLANG_WARN_STRICT_PROTOTYPES = YES;
				CLANG_WARN_SUSPICIOUS_MOVE = YES;
				CLANG_WARN_UNGUARDED_AVAILABILITY = YES_AGGRESSIVE;
				CLANG_WARN_UNREACHABLE_CODE = YES;
				CLANG_WARN__DUPLICATE_METHOD_MATCH = YES;
				COPY_PHASE_STRIP = NO;
				DEBUG_INFORMATION_FORMAT = dwarf;
				ENABLE_STRICT_OBJC_MSGSEND = YES;
				ENABLE_TESTABILITY = YES;
				GCC_C_LANGUAGE_STANDARD = gnu11;
				GCC_DYNAMIC_NO_PIC = NO;
				GCC_NO_COMMON_BLOCKS = YES;
				GCC_OPTIMIZATION_LEVEL = 0;
				GCC_PREPROCESSOR_DEFINITIONS = (
					"DEBUG=1",
					"$(inherited)",
				);
				GCC_WARN_64_TO_32_BIT_CONVERSION = YES;
				GCC_WARN_ABOUT_RETURN_TYPE = YES_ERROR;
				GCC_WARN_UNDECLARED_SELECTOR = YES;
				GCC_WARN_UNINITIALIZED_AUTOS = YES_AGGRESSIVE;
				GCC_WARN_UNUSED_FUNCTION = YES;
				GCC_WARN_UNUSED_VARIABLE = YES;
				IPHONEOS_DEPLOYMENT_TARGET = 13.2;
				MTL_ENABLE_DEBUG_INFO = INCLUDE_SOURCE;
				MTL_FAST_MATH = YES;
				ONLY_ACTIVE_ARCH = YES;
				SDKROOT = iphoneos;
				SWIFT_ACTIVE_COMPILATION_CONDITIONS = DEBUG;
				SWIFT_OPTIMIZATION_LEVEL = "-Onone";
			};
			name = Debug;
		};
		56226977244EB4F000A9587A /* Release */ = {
			isa = XCBuildConfiguration;
			buildSettings = {
				ALWAYS_SEARCH_USER_PATHS = NO;
				CLANG_ANALYZER_NONNULL = YES;
				CLANG_ANALYZER_NUMBER_OBJECT_CONVERSION = YES_AGGRESSIVE;
				CLANG_CXX_LANGUAGE_STANDARD = "gnu++14";
				CLANG_CXX_LIBRARY = "libc++";
				CLANG_ENABLE_MODULES = YES;
				CLANG_ENABLE_OBJC_ARC = YES;
				CLANG_ENABLE_OBJC_WEAK = YES;
				CLANG_WARN_BLOCK_CAPTURE_AUTORELEASING = YES;
				CLANG_WARN_BOOL_CONVERSION = YES;
				CLANG_WARN_COMMA = YES;
				CLANG_WARN_CONSTANT_CONVERSION = YES;
				CLANG_WARN_DEPRECATED_OBJC_IMPLEMENTATIONS = YES;
				CLANG_WARN_DIRECT_OBJC_ISA_USAGE = YES_ERROR;
				CLANG_WARN_DOCUMENTATION_COMMENTS = YES;
				CLANG_WARN_EMPTY_BODY = YES;
				CLANG_WARN_ENUM_CONVERSION = YES;
				CLANG_WARN_INFINITE_RECURSION = YES;
				CLANG_WARN_INT_CONVERSION = YES;
				CLANG_WARN_NON_LITERAL_NULL_CONVERSION = YES;
				CLANG_WARN_OBJC_IMPLICIT_RETAIN_SELF = YES;
				CLANG_WARN_OBJC_LITERAL_CONVERSION = YES;
				CLANG_WARN_OBJC_ROOT_CLASS = YES_ERROR;
				CLANG_WARN_RANGE_LOOP_ANALYSIS = YES;
				CLANG_WARN_STRICT_PROTOTYPES = YES;
				CLANG_WARN_SUSPICIOUS_MOVE = YES;
				CLANG_WARN_UNGUARDED_AVAILABILITY = YES_AGGRESSIVE;
				CLANG_WARN_UNREACHABLE_CODE = YES;
				CLANG_WARN__DUPLICATE_METHOD_MATCH = YES;
				COPY_PHASE_STRIP = NO;
				DEBUG_INFORMATION_FORMAT = "dwarf-with-dsym";
				ENABLE_NS_ASSERTIONS = NO;
				ENABLE_STRICT_OBJC_MSGSEND = YES;
				GCC_C_LANGUAGE_STANDARD = gnu11;
				GCC_NO_COMMON_BLOCKS = YES;
				GCC_WARN_64_TO_32_BIT_CONVERSION = YES;
				GCC_WARN_ABOUT_RETURN_TYPE = YES_ERROR;
				GCC_WARN_UNDECLARED_SELECTOR = YES;
				GCC_WARN_UNINITIALIZED_AUTOS = YES_AGGRESSIVE;
				GCC_WARN_UNUSED_FUNCTION = YES;
				GCC_WARN_UNUSED_VARIABLE = YES;
				IPHONEOS_DEPLOYMENT_TARGET = 13.2;
				MTL_ENABLE_DEBUG_INFO = NO;
				MTL_FAST_MATH = YES;
				SDKROOT = iphoneos;
				SWIFT_COMPILATION_MODE = wholemodule;
				SWIFT_OPTIMIZATION_LEVEL = "-O";
				VALIDATE_PRODUCT = YES;
			};
			name = Release;
		};
		56226979244EB4F000A9587A /* Debug */ = {
			isa = XCBuildConfiguration;
			buildSettings = {
				ASSETCATALOG_COMPILER_APPICON_NAME = AppIcon;
				CODE_SIGN_STYLE = Automatic;
				DEVELOPMENT_TEAM = S84AS92T36;
				INFOPLIST_FILE = "into space./Info.plist";
				LD_RUNPATH_SEARCH_PATHS = (
					"$(inherited)",
					"@executable_path/Frameworks",
				);
				PRODUCT_BUNDLE_IDENTIFIER = "Nicole-Bernadette-Ong.into-space-";
				PRODUCT_NAME = "$(TARGET_NAME)";
				SWIFT_VERSION = 5.0;
				TARGETED_DEVICE_FAMILY = "1,2";
			};
			name = Debug;
		};
		5622697A244EB4F000A9587A /* Release */ = {
			isa = XCBuildConfiguration;
			buildSettings = {
				ASSETCATALOG_COMPILER_APPICON_NAME = AppIcon;
				CODE_SIGN_STYLE = Automatic;
				DEVELOPMENT_TEAM = S84AS92T36;
				INFOPLIST_FILE = "into space./Info.plist";
				LD_RUNPATH_SEARCH_PATHS = (
					"$(inherited)",
					"@executable_path/Frameworks",
				);
				PRODUCT_BUNDLE_IDENTIFIER = "Nicole-Bernadette-Ong.into-space-";
				PRODUCT_NAME = "$(TARGET_NAME)";
				SWIFT_VERSION = 5.0;
				TARGETED_DEVICE_FAMILY = "1,2";
			};
			name = Release;
		};
/* End XCBuildConfiguration section */

/* Begin XCConfigurationList section */
		5622695C244EB4B300A9587A /* Build configuration list for PBXProject "into space." */ = {
			isa = XCConfigurationList;
			buildConfigurations = (
				56226976244EB4F000A9587A /* Debug */,
				56226977244EB4F000A9587A /* Release */,
			);
			defaultConfigurationIsVisible = 0;
			defaultConfigurationName = Release;
		};
		56226978244EB4F000A9587A /* Build configuration list for PBXNativeTarget "into space." */ = {
			isa = XCConfigurationList;
			buildConfigurations = (
				56226979244EB4F000A9587A /* Debug */,
				5622697A244EB4F000A9587A /* Release */,
			);
			defaultConfigurationIsVisible = 0;
			defaultConfigurationName = Release;
		};
/* End XCConfigurationList section */

/* Begin XCVersionGroup section */
		5622696D244EB4B400A9587A /* into_space_.xcdatamodeld */ = {
			isa = XCVersionGroup;
			children = (
				5622696E244EB4B400A9587A /* into_space_.xcdatamodel */,
			);
			currentVersion = 5622696E244EB4B400A9587A /* into_space_.xcdatamodel */;
			path = into_space_.xcdatamodeld;
			sourceTree = "<group>";
			versionGroupType = wrapper.xcdatamodel;
		};
/* End XCVersionGroup section */
	};
	rootObject = 56226959244EB4B200A9587A /* Project object */;
}
